
Microsoft Visual Studio Solution File, Format Version 12.00
Project("{FAE04EC0-301F-11D3-BF4B-00C04F79EFBC}") = "CommandPatternExample", "CommandPatternExample.csproj", "{3A9F76C0-D682-4785-BA23-B5177A46C807}"
EndProject
Global
	GlobalSection(SolutionConfigurationPlatforms) = preSolution
		Debug|Any CPU = Debug|Any CPU
		Release|Any CPU = Release|Any CPU
	EndGlobalSection
	GlobalSection(ProjectConfigurationPlatforms) = postSolution
		{3A9F76C0-D682-4785-BA23-B5177A46C807}.Debug|Any CPU.ActiveCfg = Debug|Any CPU
		{3A9F76C0-D682-4785-BA23-B5177A46C807}.Debug|Any CPU.Build.0 = Debug|Any CPU
		{3A9F76C0-D682-4785-BA23-B5177A46C807}.Release|Any CPU.ActiveCfg = Release|Any CPU
		{3A9F76C0-D682-4785-BA23-B5177A46C807}.Release|Any CPU.Build.0 = Release|Any CPU
	EndGlobalSection
EndGlobal
